# This file is automatically @generated by Cargo.
# It is not intended for manual editing.
version = 4

[[package]]
name = "hello-world"
version = "0.1.0"
dependencies = [
 "pretty-hex",
]

[[package]]
name = "pretty-hex"
version = "0.4.1"
source = "git+https://github.com/wolandr/pretty-hex#70b4d38b1f8a6f12a8794ffbff85274def3c50dd"
